{
  "nodes": {
    "nixpkgs": {
      "locked": {
        "lastModified": 1701862287,
        "narHash": "sha256-n8yHlSNJUF6pMTiXp1ZgnTpzrPqPrJL3iQBTMP0g/hU=",
        "owner": "nixos",
        "repo": "nixpkgs",
        "rev": "ee38f7c44d369f5ccde82c7662d5b7eefbfacd8f",
        "type": "github"
      },
      "original": {
        "owner": "nixos",
        "ref": "nixos-unstable",
        "repo": "nixpkgs",
        "type": "github"
      }
    },
    "root": {
      "inputs": {
        "nixpkgs": "nixpkgs"
      }
    }
  },
  "root": "root",
  "version": 7
}
